{
  "nodes": {
    "nixpkgs": {
      "locked": {
        "lastModified": 1714058985,
        "narHash": "sha256-gD/Ya/oXic+vbQGvmqxm8qaWmOx3HnrKHQtSL6oRW0E=",
        "owner": "NixOS",
        "repo": "nixpkgs",
        "rev": "bf182c39d9439811484aad0d241ea89619b44bc7",
        "type": "github"
      },
      "original": {
        "id": "nixpkgs",
        "ref": "nixpkgs-unstable",
        "type": "indirect"
      }
    },
    "root": {
      "inputs": {
        "nixpkgs": "nixpkgs",
        "vhs-repo": "vhs-repo"
      }
    },
    "vhs-repo": {
      "flake": false,
      "locked": {
        "lastModified": 1713989252,
        "narHash": "sha256-1czURvSNDjMT8ZTO1SB4dxjXw0n62ugNgQunoyQH61g=",
        "owner": "charmbracelet",
        "repo": "vhs",
        "rev": "859d89d3d5a840f7bb9a0b191a7fbe73a8e61556",
        "type": "github"
      },
      "original": {
        "owner": "charmbracelet",
        "ref": "main",
        "repo": "vhs",
        "type": "github"
      }
    }
  },
  "root": "root",
  "version": 7
}
